// !$*UTF8*$!
{
	archiveVersion = 1;
	classes = {
	};
	objectVersion = 46;
	objects = {

/* Begin PBXBuildFile section */
		016CACD01A9D121C00D37729 /* AppDelegate.swift in Sources */ = {isa = PBXBuildFile; fileRef = 016CACCF1A9D121C00D37729 /* AppDelegate.swift */; };
		016CACD21A9D121C00D37729 /* ViewController.swift in Sources */ = {isa = PBXBuildFile; fileRef = 016CACD11A9D121C00D37729 /* ViewController.swift */; };
		016CACD51A9D121C00D37729 /* Main.storyboard in Resources */ = {isa = PBXBuildFile; fileRef = 016CACD31A9D121C00D37729 /* Main.storyboard */; };
		016CACD71A9D121C00D37729 /* Images.xcassets in Resources */ = {isa = PBXBuildFile; fileRef = 016CACD61A9D121C00D37729 /* Images.xcassets */; };
		016CACDA1A9D121C00D37729 /* LaunchScreen.xib in Resources */ = {isa = PBXBuildFile; fileRef = 016CACD81A9D121C00D37729 /* LaunchScreen.xib */; };
		016CACE61A9D121C00D37729 /* ToDoListTests.swift in Sources */ = {isa = PBXBuildFile; fileRef = 016CACE51A9D121C00D37729 /* ToDoListTests.swift */; };
		01F9F2081A9D5643000143A9 /* CoreLocation.framework in Frameworks */ = {isa = PBXBuildFile; fileRef = 01F9F2071A9D5643000143A9 /* CoreLocation.framework */; };
		01F9F21D1A9E41B7000143A9 /* UserInfo.swift in Sources */ = {isa = PBXBuildFile; fileRef = 01F9F21C1A9E41B7000143A9 /* UserInfo.swift */; };
		01F9F21F1A9E4343000143A9 /* Location.swift in Sources */ = {isa = PBXBuildFile; fileRef = 01F9F21E1A9E4343000143A9 /* Location.swift */; };
		01F9F2211A9E4376000143A9 /* ListItem.swift in Sources */ = {isa = PBXBuildFile; fileRef = 01F9F2201A9E4376000143A9 /* ListItem.swift */; };
		01F9F2231A9E43F5000143A9 /* MapViewController.swift in Sources */ = {isa = PBXBuildFile; fileRef = 01F9F2221A9E43F5000143A9 /* MapViewController.swift */; };
		01F9F2251A9E4487000143A9 /* ListItemsTableViewController.swift in Sources */ = {isa = PBXBuildFile; fileRef = 01F9F2241A9E4487000143A9 /* ListItemsTableViewController.swift */; };
		01F9F2281A9E4E30000143A9 /* AVFoundation.framework in Frameworks */ = {isa = PBXBuildFile; fileRef = 01F9F2271A9E4E30000143A9 /* AVFoundation.framework */; };
		01F9F22A1A9E4E36000143A9 /* CoreData.framework in Frameworks */ = {isa = PBXBuildFile; fileRef = 01F9F2291A9E4E36000143A9 /* CoreData.framework */; };
		01F9F22C1A9E4E40000143A9 /* CoreText.framework in Frameworks */ = {isa = PBXBuildFile; fileRef = 01F9F22B1A9E4E40000143A9 /* CoreText.framework */; };
		01F9F22E1A9E4E48000143A9 /* GLKit.framework in Frameworks */ = {isa = PBXBuildFile; fileRef = 01F9F22D1A9E4E48000143A9 /* GLKit.framework */; };
		01F9F2301A9E4E51000143A9 /* ImageIO.framework in Frameworks */ = {isa = PBXBuildFile; fileRef = 01F9F22F1A9E4E51000143A9 /* ImageIO.framework */; };
		01F9F2321A9E4E5E000143A9 /* libc++.dylib in Frameworks */ = {isa = PBXBuildFile; fileRef = 01F9F2311A9E4E5E000143A9 /* libc++.dylib */; };
		01F9F2341A9E4E68000143A9 /* libicucore.dylib in Frameworks */ = {isa = PBXBuildFile; fileRef = 01F9F2331A9E4E68000143A9 /* libicucore.dylib */; };
		01F9F2361A9E4E74000143A9 /* libz.dylib in Frameworks */ = {isa = PBXBuildFile; fileRef = 01F9F2351A9E4E74000143A9 /* libz.dylib */; };
		01F9F2381A9E4E7C000143A9 /* OpenGLES.framework in Frameworks */ = {isa = PBXBuildFile; fileRef = 01F9F2371A9E4E7C000143A9 /* OpenGLES.framework */; };
		01F9F23A1A9E4E81000143A9 /* QuartzCore.framework in Frameworks */ = {isa = PBXBuildFile; fileRef = 01F9F2391A9E4E81000143A9 /* QuartzCore.framework */; };
		01F9F23C1A9E4E8B000143A9 /* SystemConfiguration.framework in Frameworks */ = {isa = PBXBuildFile; fileRef = 01F9F23B1A9E4E8B000143A9 /* SystemConfiguration.framework */; };
		01F9F23E1A9EA7B0000143A9 /* MapKit.framework in Frameworks */ = {isa = PBXBuildFile; fileRef = 01F9F23D1A9EA7B0000143A9 /* MapKit.framework */; };
		01F9F2451A9FEE6D000143A9 /* location_icon.png in Resources */ = {isa = PBXBuildFile; fileRef = 01F9F2441A9FEE6D000143A9 /* location_icon.png */; };
		01F9F2471A9FF415000143A9 /* UserLocationManager.swift in Sources */ = {isa = PBXBuildFile; fileRef = 01F9F2461A9FF415000143A9 /* UserLocationManager.swift */; };
		01F9F2491AA033CD000143A9 /* UsersDefaultManager.swift in Sources */ = {isa = PBXBuildFile; fileRef = 01F9F2481AA033CD000143A9 /* UsersDefaultManager.swift */; };
		01F9F24E1AA0366B000143A9 /* UserInfoViewController.swift in Sources */ = {isa = PBXBuildFile; fileRef = 01F9F24D1AA0366B000143A9 /* UserInfoViewController.swift */; };
		C0CE8F39E071D3B31B373AF3 /* libPods-ToDoList.a in Frameworks */ = {isa = PBXBuildFile; fileRef = 67F630B02BCAECBE8FDEF34E /* libPods-ToDoList.a */; };
/* End PBXBuildFile section */

/* Begin PBXContainerItemProxy section */
		016CACE01A9D121C00D37729 /* PBXContainerItemProxy */ = {
			isa = PBXContainerItemProxy;
			containerPortal = 016CACC21A9D121C00D37729 /* Project object */;
			proxyType = 1;
			remoteGlobalIDString = 016CACC91A9D121C00D37729;
			remoteInfo = ToDoList;
		};
/* End PBXContainerItemProxy section */

/* Begin PBXFileReference section */
		016CACCA1A9D121C00D37729 /* ToDoList.app */ = {isa = PBXFileReference; explicitFileType = wrapper.application; includeInIndex = 0; path = ToDoList.app; sourceTree = BUILT_PRODUCTS_DIR; };
		016CACCE1A9D121C00D37729 /* Info.plist */ = {isa = PBXFileReference; lastKnownFileType = text.plist.xml; path = Info.plist; sourceTree = "<group>"; };
		016CACCF1A9D121C00D37729 /* AppDelegate.swift */ = {isa = PBXFileReference; lastKnownFileType = sourcecode.swift; path = AppDelegate.swift; sourceTree = "<group>"; };
		016CACD11A9D121C00D37729 /* ViewController.swift */ = {isa = PBXFileReference; lastKnownFileType = sourcecode.swift; path = ViewController.swift; sourceTree = "<group>"; };
		016CACD41A9D121C00D37729 /* Base */ = {isa = PBXFileReference; lastKnownFileType = file.storyboard; name = Base; path = Base.lproj/Main.storyboard; sourceTree = "<group>"; };
		016CACD61A9D121C00D37729 /* Images.xcassets */ = {isa = PBXFileReference; lastKnownFileType = folder.assetcatalog; path = Images.xcassets; sourceTree = "<group>"; };
		016CACD91A9D121C00D37729 /* Base */ = {isa = PBXFileReference; lastKnownFileType = file.xib; name = Base; path = Base.lproj/LaunchScreen.xib; sourceTree = "<group>"; };
		016CACDF1A9D121C00D37729 /* ToDoListTests.xctest */ = {isa = PBXFileReference; explicitFileType = wrapper.cfbundle; includeInIndex = 0; path = ToDoListTests.xctest; sourceTree = BUILT_PRODUCTS_DIR; };
		016CACE41A9D121C00D37729 /* Info.plist */ = {isa = PBXFileReference; lastKnownFileType = text.plist.xml; path = Info.plist; sourceTree = "<group>"; };
		016CACE51A9D121C00D37729 /* ToDoListTests.swift */ = {isa = PBXFileReference; lastKnownFileType = sourcecode.swift; path = ToDoListTests.swift; sourceTree = "<group>"; };
		01F9F2071A9D5643000143A9 /* CoreLocation.framework */ = {isa = PBXFileReference; lastKnownFileType = wrapper.framework; name = CoreLocation.framework; path = System/Library/Frameworks/CoreLocation.framework; sourceTree = SDKROOT; };
		01F9F21C1A9E41B7000143A9 /* UserInfo.swift */ = {isa = PBXFileReference; fileEncoding = 4; lastKnownFileType = sourcecode.swift; path = UserInfo.swift; sourceTree = "<group>"; };
		01F9F21E1A9E4343000143A9 /* Location.swift */ = {isa = PBXFileReference; fileEncoding = 4; lastKnownFileType = sourcecode.swift; path = Location.swift; sourceTree = "<group>"; };
		01F9F2201A9E4376000143A9 /* ListItem.swift */ = {isa = PBXFileReference; fileEncoding = 4; lastKnownFileType = sourcecode.swift; path = ListItem.swift; sourceTree = "<group>"; };
		01F9F2221A9E43F5000143A9 /* MapViewController.swift */ = {isa = PBXFileReference; fileEncoding = 4; lastKnownFileType = sourcecode.swift; path = MapViewController.swift; sourceTree = "<group>"; };
		01F9F2241A9E4487000143A9 /* ListItemsTableViewController.swift */ = {isa = PBXFileReference; fileEncoding = 4; lastKnownFileType = sourcecode.swift; path = ListItemsTableViewController.swift; sourceTree = "<group>"; };
		01F9F2261A9E4A29000143A9 /* ToDoList-Bridging-Header.h */ = {isa = PBXFileReference; fileEncoding = 4; lastKnownFileType = sourcecode.c.h; path = "ToDoList-Bridging-Header.h"; sourceTree = "<group>"; };
		01F9F2271A9E4E30000143A9 /* AVFoundation.framework */ = {isa = PBXFileReference; lastKnownFileType = wrapper.framework; name = AVFoundation.framework; path = System/Library/Frameworks/AVFoundation.framework; sourceTree = SDKROOT; };
		01F9F2291A9E4E36000143A9 /* CoreData.framework */ = {isa = PBXFileReference; lastKnownFileType = wrapper.framework; name = CoreData.framework; path = System/Library/Frameworks/CoreData.framework; sourceTree = SDKROOT; };
		01F9F22B1A9E4E40000143A9 /* CoreText.framework */ = {isa = PBXFileReference; lastKnownFileType = wrapper.framework; name = CoreText.framework; path = System/Library/Frameworks/CoreText.framework; sourceTree = SDKROOT; };
		01F9F22D1A9E4E48000143A9 /* GLKit.framework */ = {isa = PBXFileReference; lastKnownFileType = wrapper.framework; name = GLKit.framework; path = System/Library/Frameworks/GLKit.framework; sourceTree = SDKROOT; };
		01F9F22F1A9E4E51000143A9 /* ImageIO.framework */ = {isa = PBXFileReference; lastKnownFileType = wrapper.framework; name = ImageIO.framework; path = System/Library/Frameworks/ImageIO.framework; sourceTree = SDKROOT; };
		01F9F2311A9E4E5E000143A9 /* libc++.dylib */ = {isa = PBXFileReference; lastKnownFileType = "compiled.mach-o.dylib"; name = "libc++.dylib"; path = "usr/lib/libc++.dylib"; sourceTree = SDKROOT; };
		01F9F2331A9E4E68000143A9 /* libicucore.dylib */ = {isa = PBXFileReference; lastKnownFileType = "compiled.mach-o.dylib"; name = libicucore.dylib; path = usr/lib/libicucore.dylib; sourceTree = SDKROOT; };
		01F9F2351A9E4E74000143A9 /* libz.dylib */ = {isa = PBXFileReference; lastKnownFileType = "compiled.mach-o.dylib"; name = libz.dylib; path = usr/lib/libz.dylib; sourceTree = SDKROOT; };
		01F9F2371A9E4E7C000143A9 /* OpenGLES.framework */ = {isa = PBXFileReference; lastKnownFileType = wrapper.framework; name = OpenGLES.framework; path = System/Library/Frameworks/OpenGLES.framework; sourceTree = SDKROOT; };
		01F9F2391A9E4E81000143A9 /* QuartzCore.framework */ = {isa = PBXFileReference; lastKnownFileType = wrapper.framework; name = QuartzCore.framework; path = System/Library/Frameworks/QuartzCore.framework; sourceTree = SDKROOT; };
		01F9F23B1A9E4E8B000143A9 /* SystemConfiguration.framework */ = {isa = PBXFileReference; lastKnownFileType = wrapper.framework; name = SystemConfiguration.framework; path = System/Library/Frameworks/SystemConfiguration.framework; sourceTree = SDKROOT; };
		01F9F23D1A9EA7B0000143A9 /* MapKit.framework */ = {isa = PBXFileReference; lastKnownFileType = wrapper.framework; name = MapKit.framework; path = System/Library/Frameworks/MapKit.framework; sourceTree = SDKROOT; };
		01F9F2441A9FEE6D000143A9 /* location_icon.png */ = {isa = PBXFileReference; lastKnownFileType = image.png; path = location_icon.png; sourceTree = "<group>"; };
		01F9F2461A9FF415000143A9 /* UserLocationManager.swift */ = {isa = PBXFileReference; fileEncoding = 4; lastKnownFileType = sourcecode.swift; path = UserLocationManager.swift; sourceTree = "<group>"; };
		01F9F2481AA033CD000143A9 /* UsersDefaultManager.swift */ = {isa = PBXFileReference; fileEncoding = 4; lastKnownFileType = sourcecode.swift; name = UsersDefaultManager.swift; path = Controllers/UsersDefaultManager.swift; sourceTree = "<group>"; };
		01F9F24D1AA0366B000143A9 /* UserInfoViewController.swift */ = {isa = PBXFileReference; fileEncoding = 4; lastKnownFileType = sourcecode.swift; path = UserInfoViewController.swift; sourceTree = "<group>"; };
		67F630B02BCAECBE8FDEF34E /* libPods-ToDoList.a */ = {isa = PBXFileReference; explicitFileType = archive.ar; includeInIndex = 0; path = "libPods-ToDoList.a"; sourceTree = BUILT_PRODUCTS_DIR; };
		77C157D82B4FF83CF1CA247D /* Pods-ToDoList.debug.xcconfig */ = {isa = PBXFileReference; includeInIndex = 1; lastKnownFileType = text.xcconfig; name = "Pods-ToDoList.debug.xcconfig"; path = "Pods/Target Support Files/Pods-ToDoList/Pods-ToDoList.debug.xcconfig"; sourceTree = "<group>"; };
		F4B928016DF65DA97D4939F2 /* Pods-ToDoList.release.xcconfig */ = {isa = PBXFileReference; includeInIndex = 1; lastKnownFileType = text.xcconfig; name = "Pods-ToDoList.release.xcconfig"; path = "Pods/Target Support Files/Pods-ToDoList/Pods-ToDoList.release.xcconfig"; sourceTree = "<group>"; };
/* End PBXFileReference section */

/* Begin PBXFrameworksBuildPhase section */
		016CACC71A9D121C00D37729 /* Frameworks */ = {
			isa = PBXFrameworksBuildPhase;
			buildActionMask = 2147483647;
			files = (
				01F9F23E1A9EA7B0000143A9 /* MapKit.framework in Frameworks */,
				01F9F23C1A9E4E8B000143A9 /* SystemConfiguration.framework in Frameworks */,
				01F9F23A1A9E4E81000143A9 /* QuartzCore.framework in Frameworks */,
				01F9F2381A9E4E7C000143A9 /* OpenGLES.framework in Frameworks */,
				01F9F2361A9E4E74000143A9 /* libz.dylib in Frameworks */,
				01F9F2341A9E4E68000143A9 /* libicucore.dylib in Frameworks */,
				01F9F2321A9E4E5E000143A9 /* libc++.dylib in Frameworks */,
				01F9F2301A9E4E51000143A9 /* ImageIO.framework in Frameworks */,
				01F9F22E1A9E4E48000143A9 /* GLKit.framework in Frameworks */,
				01F9F22C1A9E4E40000143A9 /* CoreText.framework in Frameworks */,
				01F9F22A1A9E4E36000143A9 /* CoreData.framework in Frameworks */,
				01F9F2281A9E4E30000143A9 /* AVFoundation.framework in Frameworks */,
				01F9F2081A9D5643000143A9 /* CoreLocation.framework in Frameworks */,
				C0CE8F39E071D3B31B373AF3 /* libPods-ToDoList.a in Frameworks */,
			);
			runOnlyForDeploymentPostprocessing = 0;
		};
		016CACDC1A9D121C00D37729 /* Frameworks */ = {
			isa = PBXFrameworksBuildPhase;
			buildActionMask = 2147483647;
			files = (
			);
			runOnlyForDeploymentPostprocessing = 0;
		};
/* End PBXFrameworksBuildPhase section */

/* Begin PBXGroup section */
		016CACC11A9D121C00D37729 = {
			isa = PBXGroup;
			children = (
				01F9F2261A9E4A29000143A9 /* ToDoList-Bridging-Header.h */,
				01F9F2071A9D5643000143A9 /* CoreLocation.framework */,
				016CACCC1A9D121C00D37729 /* ToDoList */,
				016CACE21A9D121C00D37729 /* ToDoListTests */,
				016CACCB1A9D121C00D37729 /* Products */,
				D682F31C0E6159A867989D2A /* Pods */,
				34696F52C3E4ABC93004B7B5 /* Frameworks */,
			);
			sourceTree = "<group>";
		};
		016CACCB1A9D121C00D37729 /* Products */ = {
			isa = PBXGroup;
			children = (
				016CACCA1A9D121C00D37729 /* ToDoList.app */,
				016CACDF1A9D121C00D37729 /* ToDoListTests.xctest */,
			);
			name = Products;
			sourceTree = "<group>";
		};
		016CACCC1A9D121C00D37729 /* ToDoList */ = {
			isa = PBXGroup;
			children = (
				01F9F24F1AA0367F000143A9 /* Helpers */,
				01F9F21A1A9E41A3000143A9 /* Controllers */,
				01F9F21B1A9E41A3000143A9 /* Models */,
				016CACCF1A9D121C00D37729 /* AppDelegate.swift */,
				016CACD11A9D121C00D37729 /* ViewController.swift */,
				016CACD31A9D121C00D37729 /* Main.storyboard */,
				016CACD61A9D121C00D37729 /* Images.xcassets */,
				016CACD81A9D121C00D37729 /* LaunchScreen.xib */,
				01F9F2431A9FEE6D000143A9 /* Resources */,
				016CACCD1A9D121C00D37729 /* Supporting Files */,
			);
			path = ToDoList;
			sourceTree = "<group>";
		};
		016CACCD1A9D121C00D37729 /* Supporting Files */ = {
			isa = PBXGroup;
			children = (
				016CACCE1A9D121C00D37729 /* Info.plist */,
			);
			name = "Supporting Files";
			sourceTree = "<group>";
		};
		016CACE21A9D121C00D37729 /* ToDoListTests */ = {
			isa = PBXGroup;
			children = (
				016CACE51A9D121C00D37729 /* ToDoListTests.swift */,
				016CACE31A9D121C00D37729 /* Supporting Files */,
			);
			path = ToDoListTests;
			sourceTree = "<group>";
		};
		016CACE31A9D121C00D37729 /* Supporting Files */ = {
			isa = PBXGroup;
			children = (
				016CACE41A9D121C00D37729 /* Info.plist */,
			);
			name = "Supporting Files";
			sourceTree = "<group>";
		};
		01F9F21A1A9E41A3000143A9 /* Controllers */ = {
			isa = PBXGroup;
			children = (
				01F9F2461A9FF415000143A9 /* UserLocationManager.swift */,
				01F9F24C1AA03649000143A9 /* UserInfo */,
				01F9F24B1AA0363A000143A9 /* ListItems */,
				01F9F24A1AA03629000143A9 /* Map */,
			);
			path = Controllers;
			sourceTree = "<group>";
		};
		01F9F21B1A9E41A3000143A9 /* Models */ = {
			isa = PBXGroup;
			children = (
				01F9F21C1A9E41B7000143A9 /* UserInfo.swift */,
				01F9F21E1A9E4343000143A9 /* Location.swift */,
				01F9F2201A9E4376000143A9 /* ListItem.swift */,
			);
			path = Models;
			sourceTree = "<group>";
		};
		01F9F2431A9FEE6D000143A9 /* Resources */ = {
			isa = PBXGroup;
			children = (
				01F9F2441A9FEE6D000143A9 /* location_icon.png */,
			);
			name = Resources;
			path = ../Resources;
			sourceTree = "<group>";
		};
		01F9F24A1AA03629000143A9 /* Map */ = {
			isa = PBXGroup;
			children = (
				01F9F2221A9E43F5000143A9 /* MapViewController.swift */,
			);
			name = Map;
			sourceTree = "<group>";
		};
		01F9F24B1AA0363A000143A9 /* ListItems */ = {
			isa = PBXGroup;
			children = (
				01F9F2241A9E4487000143A9 /* ListItemsTableViewController.swift */,
			);
			name = ListItems;
			sourceTree = "<group>";
		};
		01F9F24C1AA03649000143A9 /* UserInfo */ = {
			isa = PBXGroup;
			children = (
				01F9F24D1AA0366B000143A9 /* UserInfoViewController.swift */,
			);
			name = UserInfo;
			sourceTree = "<group>";
		};
		01F9F24F1AA0367F000143A9 /* Helpers */ = {
			isa = PBXGroup;
			children = (
				01F9F2481AA033CD000143A9 /* UsersDefaultManager.swift */,
			);
			name = Helpers;
			sourceTree = "<group>";
		};
		34696F52C3E4ABC93004B7B5 /* Frameworks */ = {
			isa = PBXGroup;
			children = (
				01F9F23D1A9EA7B0000143A9 /* MapKit.framework */,
				01F9F23B1A9E4E8B000143A9 /* SystemConfiguration.framework */,
				01F9F2391A9E4E81000143A9 /* QuartzCore.framework */,
				01F9F2371A9E4E7C000143A9 /* OpenGLES.framework */,
				01F9F2351A9E4E74000143A9 /* libz.dylib */,
				01F9F2331A9E4E68000143A9 /* libicucore.dylib */,
				01F9F2311A9E4E5E000143A9 /* libc++.dylib */,
				01F9F22F1A9E4E51000143A9 /* ImageIO.framework */,
				01F9F22D1A9E4E48000143A9 /* GLKit.framework */,
				01F9F22B1A9E4E40000143A9 /* CoreText.framework */,
				01F9F2291A9E4E36000143A9 /* CoreData.framework */,
				01F9F2271A9E4E30000143A9 /* AVFoundation.framework */,
				67F630B02BCAECBE8FDEF34E /* libPods-ToDoList.a */,
			);
			name = Frameworks;
			sourceTree = "<group>";
		};
		D682F31C0E6159A867989D2A /* Pods */ = {
			isa = PBXGroup;
			children = (
				77C157D82B4FF83CF1CA247D /* Pods-ToDoList.debug.xcconfig */,
				F4B928016DF65DA97D4939F2 /* Pods-ToDoList.release.xcconfig */,
			);
			name = Pods;
			sourceTree = "<group>";
		};
/* End PBXGroup section */

/* Begin PBXNativeTarget section */
		016CACC91A9D121C00D37729 /* ToDoList */ = {
			isa = PBXNativeTarget;
			buildConfigurationList = 016CACE91A9D121C00D37729 /* Build configuration list for PBXNativeTarget "ToDoList" */;
			buildPhases = (
				FE7BADD3F0507A06E5C74E09 /* Check Pods Manifest.lock */,
				016CACC61A9D121C00D37729 /* Sources */,
				016CACC71A9D121C00D37729 /* Frameworks */,
				016CACC81A9D121C00D37729 /* Resources */,
				B4587552D9ED060433809DAC /* Copy Pods Resources */,
			);
			buildRules = (
			);
			dependencies = (
			);
			name = ToDoList;
			productName = ToDoList;
			productReference = 016CACCA1A9D121C00D37729 /* ToDoList.app */;
			productType = "com.apple.product-type.application";
		};
		016CACDE1A9D121C00D37729 /* ToDoListTests */ = {
			isa = PBXNativeTarget;
			buildConfigurationList = 016CACEC1A9D121C00D37729 /* Build configuration list for PBXNativeTarget "ToDoListTests" */;
			buildPhases = (
				016CACDB1A9D121C00D37729 /* Sources */,
				016CACDC1A9D121C00D37729 /* Frameworks */,
				016CACDD1A9D121C00D37729 /* Resources */,
			);
			buildRules = (
			);
			dependencies = (
				016CACE11A9D121C00D37729 /* PBXTargetDependency */,
			);
			name = ToDoListTests;
			productName = ToDoListTests;
			productReference = 016CACDF1A9D121C00D37729 /* ToDoListTests.xctest */;
			productType = "com.apple.product-type.bundle.unit-test";
		};
/* End PBXNativeTarget section */

/* Begin PBXProject section */
		016CACC21A9D121C00D37729 /* Project object */ = {
			isa = PBXProject;
			attributes = {
				LastUpgradeCheck = 0610;
				ORGANIZATIONNAME = "Adriana Pineda";
				TargetAttributes = {
					016CACC91A9D121C00D37729 = {
						CreatedOnToolsVersion = 6.1.1;
						DevelopmentTeam = 9EVH78F4V4;
					};
					016CACDE1A9D121C00D37729 = {
						CreatedOnToolsVersion = 6.1.1;
						TestTargetID = 016CACC91A9D121C00D37729;
					};
				};
			};
			buildConfigurationList = 016CACC51A9D121C00D37729 /* Build configuration list for PBXProject "ToDoList" */;
			compatibilityVersion = "Xcode 3.2";
			developmentRegion = English;
			hasScannedForEncodings = 0;
			knownRegions = (
				en,
				Base,
			);
			mainGroup = 016CACC11A9D121C00D37729;
			productRefGroup = 016CACCB1A9D121C00D37729 /* Products */;
			projectDirPath = "";
			projectRoot = "";
			targets = (
				016CACC91A9D121C00D37729 /* ToDoList */,
				016CACDE1A9D121C00D37729 /* ToDoListTests */,
			);
		};
/* End PBXProject section */

/* Begin PBXResourcesBuildPhase section */
		016CACC81A9D121C00D37729 /* Resources */ = {
			isa = PBXResourcesBuildPhase;
			buildActionMask = 2147483647;
			files = (
				016CACD51A9D121C00D37729 /* Main.storyboard in Resources */,
				01F9F2451A9FEE6D000143A9 /* location_icon.png in Resources */,
				016CACDA1A9D121C00D37729 /* LaunchScreen.xib in Resources */,
				016CACD71A9D121C00D37729 /* Images.xcassets in Resources */,
			);
			runOnlyForDeploymentPostprocessing = 0;
		};
		016CACDD1A9D121C00D37729 /* Resources */ = {
			isa = PBXResourcesBuildPhase;
			buildActionMask = 2147483647;
			files = (
			);
			runOnlyForDeploymentPostprocessing = 0;
		};
/* End PBXResourcesBuildPhase section */

/* Begin PBXShellScriptBuildPhase section */
		B4587552D9ED060433809DAC /* Copy Pods Resources */ = {
			isa = PBXShellScriptBuildPhase;
			buildActionMask = 2147483647;
			files = (
			);
			inputPaths = (
			);
			name = "Copy Pods Resources";
			outputPaths = (
			);
			runOnlyForDeploymentPostprocessing = 0;
			shellPath = /bin/sh;
			shellScript = "\"${SRCROOT}/Pods/Target Support Files/Pods-ToDoList/Pods-ToDoList-resources.sh\"\n";
			showEnvVarsInLog = 0;
		};
		FE7BADD3F0507A06E5C74E09 /* Check Pods Manifest.lock */ = {
			isa = PBXShellScriptBuildPhase;
			buildActionMask = 2147483647;
			files = (
			);
			inputPaths = (
			);
			name = "Check Pods Manifest.lock";
			outputPaths = (
			);
			runOnlyForDeploymentPostprocessing = 0;
			shellPath = /bin/sh;
			shellScript = "diff \"${PODS_ROOT}/../Podfile.lock\" \"${PODS_ROOT}/Manifest.lock\" > /dev/null\nif [[ $? != 0 ]] ; then\n    cat << EOM\nerror: The sandbox is not in sync with the Podfile.lock. Run 'pod install' or update your CocoaPods installation.\nEOM\n    exit 1\nfi\n";
			showEnvVarsInLog = 0;
		};
/* End PBXShellScriptBuildPhase section */

/* Begin PBXSourcesBuildPhase section */
		016CACC61A9D121C00D37729 /* Sources */ = {
			isa = PBXSourcesBuildPhase;
			buildActionMask = 2147483647;
			files = (
				01F9F2211A9E4376000143A9 /* ListItem.swift in Sources */,
				01F9F2231A9E43F5000143A9 /* MapViewController.swift in Sources */,
				01F9F2491AA033CD000143A9 /* UsersDefaultManager.swift in Sources */,
				016CACD21A9D121C00D37729 /* ViewController.swift in Sources */,
				01F9F21D1A9E41B7000143A9 /* UserInfo.swift in Sources */,
				01F9F24E1AA0366B000143A9 /* UserInfoViewController.swift in Sources */,
				01F9F21F1A9E4343000143A9 /* Location.swift in Sources */,
				01F9F2251A9E4487000143A9 /* ListItemsTableViewController.swift in Sources */,
				016CACD01A9D121C00D37729 /* AppDelegate.swift in Sources */,
				01F9F2471A9FF415000143A9 /* UserLocationManager.swift in Sources */,
			);
			runOnlyForDeploymentPostprocessing = 0;
		};
		016CACDB1A9D121C00D37729 /* Sources */ = {
			isa = PBXSourcesBuildPhase;
			buildActionMask = 2147483647;
			files = (
				016CACE61A9D121C00D37729 /* ToDoListTests.swift in Sources */,
			);
			runOnlyForDeploymentPostprocessing = 0;
		};
/* End PBXSourcesBuildPhase section */

/* Begin PBXTargetDependency section */
		016CACE11A9D121C00D37729 /* PBXTargetDependency */ = {
			isa = PBXTargetDependency;
			target = 016CACC91A9D121C00D37729 /* ToDoList */;
			targetProxy = 016CACE01A9D121C00D37729 /* PBXContainerItemProxy */;
		};
/* End PBXTargetDependency section */

/* Begin PBXVariantGroup section */
		016CACD31A9D121C00D37729 /* Main.storyboard */ = {
			isa = PBXVariantGroup;
			children = (
				016CACD41A9D121C00D37729 /* Base */,
			);
			name = Main.storyboard;
			sourceTree = "<group>";
		};
		016CACD81A9D121C00D37729 /* LaunchScreen.xib */ = {
			isa = PBXVariantGroup;
			children = (
				016CACD91A9D121C00D37729 /* Base */,
			);
			name = LaunchScreen.xib;
			sourceTree = "<group>";
		};
/* End PBXVariantGroup section */

/* Begin XCBuildConfiguration section */
		016CACE71A9D121C00D37729 /* Debug */ = {
			isa = XCBuildConfiguration;
			buildSettings = {
				ALWAYS_SEARCH_USER_PATHS = NO;
				CLANG_CXX_LANGUAGE_STANDARD = "gnu++0x";
				CLANG_CXX_LIBRARY = "libc++";
				CLANG_ENABLE_MODULES = YES;
				CLANG_ENABLE_OBJC_ARC = YES;
				CLANG_WARN_BOOL_CONVERSION = YES;
				CLANG_WARN_CONSTANT_CONVERSION = YES;
				CLANG_WARN_DIRECT_OBJC_ISA_USAGE = YES_ERROR;
				CLANG_WARN_EMPTY_BODY = YES;
				CLANG_WARN_ENUM_CONVERSION = YES;
				CLANG_WARN_INT_CONVERSION = YES;
				CLANG_WARN_OBJC_ROOT_CLASS = YES_ERROR;
				CLANG_WARN_UNREACHABLE_CODE = YES;
				CLANG_WARN__DUPLICATE_METHOD_MATCH = YES;
				"CODE_SIGN_IDENTITY[sdk=iphoneos*]" = "iPhone Developer";
				COPY_PHASE_STRIP = NO;
				ENABLE_STRICT_OBJC_MSGSEND = YES;
				GCC_C_LANGUAGE_STANDARD = gnu99;
				GCC_DYNAMIC_NO_PIC = NO;
				GCC_OPTIMIZATION_LEVEL = 0;
				GCC_PREPROCESSOR_DEFINITIONS = (
					"DEBUG=1",
					"$(inherited)",
				);
				GCC_SYMBOLS_PRIVATE_EXTERN = NO;
				GCC_WARN_64_TO_32_BIT_CONVERSION = YES;
				GCC_WARN_ABOUT_RETURN_TYPE = YES_ERROR;
				GCC_WARN_UNDECLARED_SELECTOR = YES;
				GCC_WARN_UNINITIALIZED_AUTOS = YES_AGGRESSIVE;
				GCC_WARN_UNUSED_FUNCTION = YES;
				GCC_WARN_UNUSED_VARIABLE = YES;
				IPHONEOS_DEPLOYMENT_TARGET = 8.1;
				MTL_ENABLE_DEBUG_INFO = YES;
				ONLY_ACTIVE_ARCH = YES;
				SDKROOT = iphoneos;
				SWIFT_OPTIMIZATION_LEVEL = "-Onone";
				TARGETED_DEVICE_FAMILY = "1,2";
			};
			name = Debug;
		};
		016CACE81A9D121C00D37729 /* Release */ = {
			isa = XCBuildConfiguration;
			buildSettings = {
				ALWAYS_SEARCH_USER_PATHS = NO;
				CLANG_CXX_LANGUAGE_STANDARD = "gnu++0x";
				CLANG_CXX_LIBRARY = "libc++";
				CLANG_ENABLE_MODULES = YES;
				CLANG_ENABLE_OBJC_ARC = YES;
				CLANG_WARN_BOOL_CONVERSION = YES;
				CLANG_WARN_CONSTANT_CONVERSION = YES;
				CLANG_WARN_DIRECT_OBJC_ISA_USAGE = YES_ERROR;
				CLANG_WARN_EMPTY_BODY = YES;
				CLANG_WARN_ENUM_CONVERSION = YES;
				CLANG_WARN_INT_CONVERSION = YES;
				CLANG_WARN_OBJC_ROOT_CLASS = YES_ERROR;
				CLANG_WARN_UNREACHABLE_CODE = YES;
				CLANG_WARN__DUPLICATE_METHOD_MATCH = YES;
				"CODE_SIGN_IDENTITY[sdk=iphoneos*]" = "iPhone Developer";
				COPY_PHASE_STRIP = YES;
				ENABLE_NS_ASSERTIONS = NO;
				ENABLE_STRICT_OBJC_MSGSEND = YES;
				GCC_C_LANGUAGE_STANDARD = gnu99;
				GCC_WARN_64_TO_32_BIT_CONVERSION = YES;
				GCC_WARN_ABOUT_RETURN_TYPE = YES_ERROR;
				GCC_WARN_UNDECLARED_SELECTOR = YES;
				GCC_WARN_UNINITIALIZED_AUTOS = YES_AGGRESSIVE;
				GCC_WARN_UNUSED_FUNCTION = YES;
				GCC_WARN_UNUSED_VARIABLE = YES;
				IPHONEOS_DEPLOYMENT_TARGET = 8.1;
				MTL_ENABLE_DEBUG_INFO = NO;
				SDKROOT = iphoneos;
				TARGETED_DEVICE_FAMILY = "1,2";
				VALIDATE_PRODUCT = YES;
			};
			name = Release;
		};
		016CACEA1A9D121C00D37729 /* Debug */ = {
			isa = XCBuildConfiguration;
			baseConfigurationReference = 77C157D82B4FF83CF1CA247D /* Pods-ToDoList.debug.xcconfig */;
			buildSettings = {
				ASSETCATALOG_COMPILER_APPICON_NAME = AppIcon;
				CODE_SIGN_IDENTITY = "iPhone Developer";
				"CODE_SIGN_IDENTITY[sdk=iphoneos*]" = "iPhone Developer";
				INFOPLIST_FILE = ToDoList/Info.plist;
				LD_RUNPATH_SEARCH_PATHS = "$(inherited) @executable_path/Frameworks";
				PRODUCT_NAME = "$(TARGET_NAME)";
				PROVISIONING_PROFILE = "";
				SWIFT_OBJC_BRIDGING_HEADER = "/Users/apineda/Documents/Twilio/Application/ToDoList/ToDoList-Bridging-Header.h";
			};
			name = Debug;
		};
		016CACEB1A9D121C00D37729 /* Release */ = {
			isa = XCBuildConfiguration;
			baseConfigurationReference = F4B928016DF65DA97D4939F2 /* Pods-ToDoList.release.xcconfig */;
			buildSettings = {
				ASSETCATALOG_COMPILER_APPICON_NAME = AppIcon;
				CODE_SIGN_IDENTITY = "iPhone Developer";
				"CODE_SIGN_IDENTITY[sdk=iphoneos*]" = "iPhone Developer";
				INFOPLIST_FILE = ToDoList/Info.plist;
				LD_RUNPATH_SEARCH_PATHS = "$(inherited) @executable_path/Frameworks";
				PRODUCT_NAME = "$(TARGET_NAME)";
				PROVISIONING_PROFILE = "";
				SWIFT_OBJC_BRIDGING_HEADER = "/Users/apineda/Documents/Twilio/Application/ToDoList/ToDoList-Bridging-Header.h";
			};
			name = Release;
		};
		016CACED1A9D121C00D37729 /* Debug */ = {
			isa = XCBuildConfiguration;
			buildSettings = {
				BUNDLE_LOADER = "$(TEST_HOST)";
				FRAMEWORK_SEARCH_PATHS = (
					"$(SDKROOT)/Developer/Library/Frameworks",
					"$(inherited)",
				);
				GCC_PREPROCESSOR_DEFINITIONS = (
					"DEBUG=1",
					"$(inherited)",
				);
				INFOPLIST_FILE = ToDoListTests/Info.plist;
				LD_RUNPATH_SEARCH_PATHS = "$(inherited) @executable_path/Frameworks @loader_path/Frameworks";
				PRODUCT_NAME = "$(TARGET_NAME)";
				TEST_HOST = "$(BUILT_PRODUCTS_DIR)/ToDoList.app/ToDoList";
			};
			name = Debug;
		};
		016CACEE1A9D121C00D37729 /* Release */ = {
			isa = XCBuildConfiguration;
			buildSettings = {
				BUNDLE_LOADER = "$(TEST_HOST)";
				FRAMEWORK_SEARCH_PATHS = (
					"$(SDKROOT)/Developer/Library/Frameworks",
					"$(inherited)",
				);
				INFOPLIST_FILE = ToDoListTests/Info.plist;
				LD_RUNPATH_SEARCH_PATHS = "$(inherited) @executable_path/Frameworks @loader_path/Frameworks";
				PRODUCT_NAME = "$(TARGET_NAME)";
				TEST_HOST = "$(BUILT_PRODUCTS_DIR)/ToDoList.app/ToDoList";
			};
			name = Release;
		};
/* End XCBuildConfiguration section */

/* Begin XCConfigurationList section */
		016CACC51A9D121C00D37729 /* Build configuration list for PBXProject "ToDoList" */ = {
			isa = XCConfigurationList;
			buildConfigurations = (
				016CACE71A9D121C00D37729 /* Debug */,
				016CACE81A9D121C00D37729 /* Release */,
			);
			defaultConfigurationIsVisible = 0;
			defaultConfigurationName = Release;
		};
		016CACE91A9D121C00D37729 /* Build configuration list for PBXNativeTarget "ToDoList" */ = {
			isa = XCConfigurationList;
			buildConfigurations = (
				016CACEA1A9D121C00D37729 /* Debug */,
				016CACEB1A9D121C00D37729 /* Release */,
			);
			defaultConfigurationIsVisible = 0;
			defaultConfigurationName = Release;
		};
		016CACEC1A9D121C00D37729 /* Build configuration list for PBXNativeTarget "ToDoListTests" */ = {
			isa = XCConfigurationList;
			buildConfigurations = (
				016CACED1A9D121C00D37729 /* Debug */,
				016CACEE1A9D121C00D37729 /* Release */,
			);
			defaultConfigurationIsVisible = 0;
			defaultConfigurationName = Release;
		};
/* End XCConfigurationList section */
	};
	rootObject = 016CACC21A9D121C00D37729 /* Project object */;
}
